
Microsoft Visual Studio Solution File, Format Version 12.00
# Visual Studio Version 17
VisualStudioVersion = 17.4.33213.308
MinimumVisualStudioVersion = 10.0.40219.1
Project("{FAE04EC0-301F-11D3-BF4B-00C04F79EFBC}") = "MyPortfolio", "MyPortfolio\MyPortfolio.csproj", "{B1F5A7C2-17C0-4EE8-9341-B44CFF018C0E}"
EndProject
Global
	GlobalSection(SolutionConfigurationPlatforms) = preSolution
		Debug|Any CPU = Debug|Any CPU
		Release|Any CPU = Release|Any CPU
	EndGlobalSection
	GlobalSection(ProjectConfigurationPlatforms) = postSolution
		{B1F5A7C2-17C0-4EE8-9341-B44CFF018C0E}.Debug|Any CPU.ActiveCfg = Debug|Any CPU
		{B1F5A7C2-17C0-4EE8-9341-B44CFF018C0E}.Debug|Any CPU.Build.0 = Debug|Any CPU
		{B1F5A7C2-17C0-4EE8-9341-B44CFF018C0E}.Release|Any CPU.ActiveCfg = Release|Any CPU
		{B1F5A7C2-17C0-4EE8-9341-B44CFF018C0E}.Release|Any CPU.Build.0 = Release|Any CPU
	EndGlobalSection
	GlobalSection(SolutionProperties) = preSolution
		HideSolutionNode = FALSE
	EndGlobalSection
	GlobalSection(ExtensibilityGlobals) = postSolution
		SolutionGuid = {77DBC804-15B5-4A15-8F51-ED9A0B248B68}
	EndGlobalSection
EndGlobal
